
Microsoft Visual Studio Solution File, Format Version 12.00
# Visual Studio Version 17
VisualStudioVersion = 17.14.36301.6
MinimumVisualStudioVersion = 10.0.40219.1
Project("{FAE04EC0-301F-11D3-BF4B-00C04F79EFBC}") = "VinotecaFernandez.WebApi", "VinotecaFernandez.WebApi\VinotecaFernandez.WebApi.csproj", "{E736C4A4-108C-4810-927C-0843018FAED6}"
EndProject
Project("{FAE04EC0-301F-11D3-BF4B-00C04F79EFBC}") = "Vinoteca.Abstractions", "Vinoteca.Abstractions\Vinoteca.Abstractions.csproj", "{B0C54029-5752-4404-8ABC-4B5A5FCE01CE}"
EndProject
Project("{FAE04EC0-301F-11D3-BF4B-00C04F79EFBC}") = "Vinoteca.Applications", "Vinoteca.Applications\Vinoteca.Applications.csproj", "{F276A239-436C-4C95-A7B9-BCE40A614978}"
EndProject
Project("{FAE04EC0-301F-11D3-BF4B-00C04F79EFBC}") = "Vinoteca.DataAccess", "Vinoteca.DataAccess\Vinoteca.DataAccess.csproj", "{83B234E4-0695-43C5-B57C-07B3D298060C}"
EndProject
Project("{FAE04EC0-301F-11D3-BF4B-00C04F79EFBC}") = "Vinoteca.Entities", "Vinoteca.Entities\Vinoteca.Entities.csproj", "{304C706E-704D-422F-99BE-B2D85019E9F7}"
EndProject
Project("{FAE04EC0-301F-11D3-BF4B-00C04F79EFBC}") = "Vinoteca.Enums", "Vinoteca.Enums\Vinoteca.Enums.csproj", "{946A47E6-32C4-416B-80BA-92E7CC703F2B}"
EndProject
Project("{FAE04EC0-301F-11D3-BF4B-00C04F79EFBC}") = "Vinoteca.Repositories", "Vinoteca.Repositories\Vinoteca.Repositories.csproj", "{10C05722-B1B0-4C65-9D96-95C5C87C7E5A}"
EndProject
Project("{FAE04EC0-301F-11D3-BF4B-00C04F79EFBC}") = "Vinoteca.Services", "Vinoteca.Services\Vinoteca.Services.csproj", "{B1F1644B-CDDF-4741-A361-E99D43DFAF08}"
EndProject
Global
	GlobalSection(SolutionConfigurationPlatforms) = preSolution
		Debug|Any CPU = Debug|Any CPU
		Release|Any CPU = Release|Any CPU
	EndGlobalSection
	GlobalSection(ProjectConfigurationPlatforms) = postSolution
		{E736C4A4-108C-4810-927C-0843018FAED6}.Debug|Any CPU.ActiveCfg = Debug|Any CPU
		{E736C4A4-108C-4810-927C-0843018FAED6}.Debug|Any CPU.Build.0 = Debug|Any CPU
		{E736C4A4-108C-4810-927C-0843018FAED6}.Release|Any CPU.ActiveCfg = Release|Any CPU
		{E736C4A4-108C-4810-927C-0843018FAED6}.Release|Any CPU.Build.0 = Release|Any CPU
		{B0C54029-5752-4404-8ABC-4B5A5FCE01CE}.Debug|Any CPU.ActiveCfg = Debug|Any CPU
		{B0C54029-5752-4404-8ABC-4B5A5FCE01CE}.Debug|Any CPU.Build.0 = Debug|Any CPU
		{B0C54029-5752-4404-8ABC-4B5A5FCE01CE}.Release|Any CPU.ActiveCfg = Release|Any CPU
		{B0C54029-5752-4404-8ABC-4B5A5FCE01CE}.Release|Any CPU.Build.0 = Release|Any CPU
		{F276A239-436C-4C95-A7B9-BCE40A614978}.Debug|Any CPU.ActiveCfg = Debug|Any CPU
		{F276A239-436C-4C95-A7B9-BCE40A614978}.Debug|Any CPU.Build.0 = Debug|Any CPU
		{F276A239-436C-4C95-A7B9-BCE40A614978}.Release|Any CPU.ActiveCfg = Release|Any CPU
		{F276A239-436C-4C95-A7B9-BCE40A614978}.Release|Any CPU.Build.0 = Release|Any CPU
		{83B234E4-0695-43C5-B57C-07B3D298060C}.Debug|Any CPU.ActiveCfg = Debug|Any CPU
		{83B234E4-0695-43C5-B57C-07B3D298060C}.Debug|Any CPU.Build.0 = Debug|Any CPU
		{83B234E4-0695-43C5-B57C-07B3D298060C}.Release|Any CPU.ActiveCfg = Release|Any CPU
		{83B234E4-0695-43C5-B57C-07B3D298060C}.Release|Any CPU.Build.0 = Release|Any CPU
		{304C706E-704D-422F-99BE-B2D85019E9F7}.Debug|Any CPU.ActiveCfg = Debug|Any CPU
		{304C706E-704D-422F-99BE-B2D85019E9F7}.Debug|Any CPU.Build.0 = Debug|Any CPU
		{304C706E-704D-422F-99BE-B2D85019E9F7}.Release|Any CPU.ActiveCfg = Release|Any CPU
		{304C706E-704D-422F-99BE-B2D85019E9F7}.Release|Any CPU.Build.0 = Release|Any CPU
		{946A47E6-32C4-416B-80BA-92E7CC703F2B}.Debug|Any CPU.ActiveCfg = Debug|Any CPU
		{946A47E6-32C4-416B-80BA-92E7CC703F2B}.Debug|Any CPU.Build.0 = Debug|Any CPU
		{946A47E6-32C4-416B-80BA-92E7CC703F2B}.Release|Any CPU.ActiveCfg = Release|Any CPU
		{946A47E6-32C4-416B-80BA-92E7CC703F2B}.Release|Any CPU.Build.0 = Release|Any CPU
		{10C05722-B1B0-4C65-9D96-95C5C87C7E5A}.Debug|Any CPU.ActiveCfg = Debug|Any CPU
		{10C05722-B1B0-4C65-9D96-95C5C87C7E5A}.Debug|Any CPU.Build.0 = Debug|Any CPU
		{10C05722-B1B0-4C65-9D96-95C5C87C7E5A}.Release|Any CPU.ActiveCfg = Release|Any CPU
		{10C05722-B1B0-4C65-9D96-95C5C87C7E5A}.Release|Any CPU.Build.0 = Release|Any CPU
		{B1F1644B-CDDF-4741-A361-E99D43DFAF08}.Debug|Any CPU.ActiveCfg = Debug|Any CPU
		{B1F1644B-CDDF-4741-A361-E99D43DFAF08}.Debug|Any CPU.Build.0 = Debug|Any CPU
		{B1F1644B-CDDF-4741-A361-E99D43DFAF08}.Release|Any CPU.ActiveCfg = Release|Any CPU
		{B1F1644B-CDDF-4741-A361-E99D43DFAF08}.Release|Any CPU.Build.0 = Release|Any CPU
	EndGlobalSection
	GlobalSection(SolutionProperties) = preSolution
		HideSolutionNode = FALSE
	EndGlobalSection
	GlobalSection(ExtensibilityGlobals) = postSolution
		SolutionGuid = {A5D76B22-AA7C-49D6-854B-8502B9CC39EB}
	EndGlobalSection
EndGlobal
